schema: '2.0'
stages:
  prepare:
    cmd: python src/data_preparation.py
    deps:
    - path: data/olist_customers_dataset.csv
      hash: md5
      md5: 8a2c4244856aab4bde3b8ed81f8ca251
      size: 9033957
    - path: data/olist_order_items_dataset.csv
      hash: md5
      md5: f4fa76976662e9cba0633f9e49ed2645
      size: 15438671
    - path: data/olist_order_payments_dataset.csv
      hash: md5
      md5: d7aaceca670b76770e73286f99f3edfc
      size: 5737249
    - path: data/olist_order_reviews_dataset.csv
      hash: md5
      md5: 914066be00d2db0c3d857f071cff1688
      size: 14451670
    - path: data/olist_orders_dataset.csv
      hash: md5
      md5: 8bd60e55c1ca229d9f70b62f3e72f22c
      size: 17654914
    - path: data/olist_products_dataset.csv
      hash: md5
      md5: e935401104a3669223b83c9a01fdf5ca
      size: 2379446
    - path: data/product_category_name_translation.csv
      hash: md5
      md5: 4196d142e8f2b9697521fc50c97f626b
      size: 2613
    - path: src/data_preparation.py
      hash: md5
      md5: 9f7c66abb126db8ba32f6fdfbef9d080
      size: 11742
    outs:
    - path: data/processed/README.md
      hash: md5
      md5: 2804c864e561562a98da83f122a29da4
      size: 324
    - path: data/processed/interactions.parquet
      hash: md5
      md5: c0ebb24a636307b3da61df22c5fb7780
      size: 5970239
  featurize:
    cmd: python src/feature_engineering.py
    deps:
    - path: data/processed/interactions.parquet
      hash: md5
      md5: c0ebb24a636307b3da61df22c5fb7780
      size: 5970239
    - path: src/feature_engineering.py
      hash: md5
      md5: a98cab10ce965598e44c33b28b08dae7
      size: 19505
    outs:
    - path: data/processed/FEATURES.md
      hash: md5
      md5: d8ba34e077c4107e08265ac366fb2bda
      size: 2656
    - path: data/processed/feature_metadata.json
      hash: md5
      md5: 632a5eddec1b722a075e7c536490b904
      size: 1794
    - path: data/processed/id_mappings.json
      hash: md5
      md5: d43cef6c9b8d5a29ec1a406ad959cd49
      size: 5379246
    - path: data/processed/interactions_fe.parquet
      hash: md5
      md5: 677486347e1b0c67fb685b5c4fdbcf43
      size: 8857966
  validate:
    cmd: "python -c \"import pandas as pd; df = pd.read_parquet('data/processed/interactions_fe.parquet');
      assert df.shape == (99785, 42), f'Wrong shape: {df.shape}'; assert df['review_score'].isna().sum()
      < 1000, 'Too many null reviews'; print('Validation OK', df.shape)\"\n"
    deps:
    - path: data/processed/interactions_fe.parquet
      hash: md5
      md5: 677486347e1b0c67fb685b5c4fdbcf43
      size: 8857966
